// !$*UTF8*$!
{
	archiveVersion = 1;
	classes = {
	};
	objectVersion = 50;
	objects = {

/* Begin PBXBuildFile section */
		269A1AA9222CC73500F22F2D /* AppDelegate.swift in Sources */ = {isa = PBXBuildFile; fileRef = 269A1AA8222CC73500F22F2D /* AppDelegate.swift */; };
		269A1AAB222CC73500F22F2D /* ViewController.swift in Sources */ = {isa = PBXBuildFile; fileRef = 269A1AAA222CC73500F22F2D /* ViewController.swift */; };
		269A1AAE222CC73500F22F2D /* Main.storyboard in Resources */ = {isa = PBXBuildFile; fileRef = 269A1AAC222CC73500F22F2D /* Main.storyboard */; };
		269A1AB3222CC73700F22F2D /* LaunchScreen.storyboard in Resources */ = {isa = PBXBuildFile; fileRef = 269A1AB1222CC73700F22F2D /* LaunchScreen.storyboard */; };
		269A1ADB222CC79900F22F2D /* knStaticListController.swift in Sources */ = {isa = PBXBuildFile; fileRef = 269A1AC1222CC79800F22F2D /* knStaticListController.swift */; };
		269A1AEA222CC79900F22F2D /* Extension.swift in Sources */ = {isa = PBXBuildFile; fileRef = 269A1AD0222CC79900F22F2D /* Extension.swift */; };
		269A1AEC222CC79900F22F2D /* knConstraints.swift in Sources */ = {isa = PBXBuildFile; fileRef = 269A1AD2222CC79900F22F2D /* knConstraints.swift */; };
		269A1B2A222CD0F200F22F2D /* CategoryView.swift in Sources */ = {isa = PBXBuildFile; fileRef = 269A1B28222CC97D00F22F2D /* CategoryView.swift */; };
		269A1B2C222CFFCB00F22F2D /* RewardView.swift in Sources */ = {isa = PBXBuildFile; fileRef = 269A1B2B222CFFCB00F22F2D /* RewardView.swift */; };
		269A1B2E222D070200F22F2D /* Assets.xcassets in Resources */ = {isa = PBXBuildFile; fileRef = 269A1B2D222D070200F22F2D /* Assets.xcassets */; };
		743B80F175C346C8D1478ACD /* Pods_GrabRewards.framework in Frameworks */ = {isa = PBXBuildFile; fileRef = 149D4BF92F70C9DB9F75F0C8 /* Pods_GrabRewards.framework */; };
/* End PBXBuildFile section */

/* Begin PBXFileReference section */
		149D4BF92F70C9DB9F75F0C8 /* Pods_GrabRewards.framework */ = {isa = PBXFileReference; explicitFileType = wrapper.framework; includeInIndex = 0; path = Pods_GrabRewards.framework; sourceTree = BUILT_PRODUCTS_DIR; };
		269A1AA5222CC73500F22F2D /* GrabRewards.app */ = {isa = PBXFileReference; explicitFileType = wrapper.application; includeInIndex = 0; path = GrabRewards.app; sourceTree = BUILT_PRODUCTS_DIR; };
		269A1AA8222CC73500F22F2D /* AppDelegate.swift */ = {isa = PBXFileReference; lastKnownFileType = sourcecode.swift; path = AppDelegate.swift; sourceTree = "<group>"; };
		269A1AAA222CC73500F22F2D /* ViewController.swift */ = {isa = PBXFileReference; lastKnownFileType = sourcecode.swift; path = ViewController.swift; sourceTree = "<group>"; };
		269A1AAD222CC73500F22F2D /* Base */ = {isa = PBXFileReference; lastKnownFileType = file.storyboard; name = Base; path = Base.lproj/Main.storyboard; sourceTree = "<group>"; };
		269A1AB2222CC73700F22F2D /* Base */ = {isa = PBXFileReference; lastKnownFileType = file.storyboard; name = Base; path = Base.lproj/LaunchScreen.storyboard; sourceTree = "<group>"; };
		269A1AB4222CC73700F22F2D /* Info.plist */ = {isa = PBXFileReference; lastKnownFileType = text.plist.xml; path = Info.plist; sourceTree = "<group>"; };
		269A1AC1222CC79800F22F2D /* knStaticListController.swift */ = {isa = PBXFileReference; fileEncoding = 4; lastKnownFileType = sourcecode.swift; path = knStaticListController.swift; sourceTree = "<group>"; };
		269A1AD0222CC79900F22F2D /* Extension.swift */ = {isa = PBXFileReference; fileEncoding = 4; lastKnownFileType = sourcecode.swift; path = Extension.swift; sourceTree = "<group>"; };
		269A1AD2222CC79900F22F2D /* knConstraints.swift */ = {isa = PBXFileReference; fileEncoding = 4; lastKnownFileType = sourcecode.swift; path = knConstraints.swift; sourceTree = "<group>"; };
		269A1B28222CC97D00F22F2D /* CategoryView.swift */ = {isa = PBXFileReference; lastKnownFileType = sourcecode.swift; path = CategoryView.swift; sourceTree = "<group>"; };
		269A1B2B222CFFCB00F22F2D /* RewardView.swift */ = {isa = PBXFileReference; lastKnownFileType = sourcecode.swift; path = RewardView.swift; sourceTree = "<group>"; };
		269A1B2D222D070200F22F2D /* Assets.xcassets */ = {isa = PBXFileReference; lastKnownFileType = folder.assetcatalog; path = Assets.xcassets; sourceTree = "<group>"; };
		8B7C4660FBAE86BF87FBF9B1 /* Pods-GrabRewards.debug.xcconfig */ = {isa = PBXFileReference; includeInIndex = 1; lastKnownFileType = text.xcconfig; name = "Pods-GrabRewards.debug.xcconfig"; path = "Target Support Files/Pods-GrabRewards/Pods-GrabRewards.debug.xcconfig"; sourceTree = "<group>"; };
		B7B869ED33AD6C013DA15CA2 /* Pods-GrabRewards.release.xcconfig */ = {isa = PBXFileReference; includeInIndex = 1; lastKnownFileType = text.xcconfig; name = "Pods-GrabRewards.release.xcconfig"; path = "Target Support Files/Pods-GrabRewards/Pods-GrabRewards.release.xcconfig"; sourceTree = "<group>"; };
/* End PBXFileReference section */

/* Begin PBXFrameworksBuildPhase section */
		269A1AA2222CC73500F22F2D /* Frameworks */ = {
			isa = PBXFrameworksBuildPhase;
			buildActionMask = 2147483647;
			files = (
				743B80F175C346C8D1478ACD /* Pods_GrabRewards.framework in Frameworks */,
			);
			runOnlyForDeploymentPostprocessing = 0;
		};
/* End PBXFrameworksBuildPhase section */

/* Begin PBXGroup section */
		12C5BCCE1A4B2E9E74056F41 /* Frameworks */ = {
			isa = PBXGroup;
			children = (
				149D4BF92F70C9DB9F75F0C8 /* Pods_GrabRewards.framework */,
			);
			name = Frameworks;
			sourceTree = "<group>";
		};
		269A1A9C222CC73500F22F2D = {
			isa = PBXGroup;
			children = (
				269A1AA7222CC73500F22F2D /* GrabRewards */,
				269A1AA6222CC73500F22F2D /* Products */,
				3B202CECC81DA9681DD110C5 /* Pods */,
				12C5BCCE1A4B2E9E74056F41 /* Frameworks */,
			);
			sourceTree = "<group>";
		};
		269A1AA6222CC73500F22F2D /* Products */ = {
			isa = PBXGroup;
			children = (
				269A1AA5222CC73500F22F2D /* GrabRewards.app */,
			);
			name = Products;
			sourceTree = "<group>";
		};
		269A1AA7222CC73500F22F2D /* GrabRewards */ = {
			isa = PBXGroup;
			children = (
				269A1B2D222D070200F22F2D /* Assets.xcassets */,
				269A1AF0222CC7A300F22F2D /* must_have */,
				269A1AA8222CC73500F22F2D /* AppDelegate.swift */,
				269A1AAA222CC73500F22F2D /* ViewController.swift */,
				269A1B2B222CFFCB00F22F2D /* RewardView.swift */,
				269A1B28222CC97D00F22F2D /* CategoryView.swift */,
				269A1AAC222CC73500F22F2D /* Main.storyboard */,
				269A1AB1222CC73700F22F2D /* LaunchScreen.storyboard */,
				269A1AB4222CC73700F22F2D /* Info.plist */,
			);
			path = GrabRewards;
			sourceTree = "<group>";
		};
		269A1AF0222CC7A300F22F2D /* must_have */ = {
			isa = PBXGroup;
			children = (
				269A1AD0222CC79900F22F2D /* Extension.swift */,
				269A1AD2222CC79900F22F2D /* knConstraints.swift */,
				269A1AC1222CC79800F22F2D /* knStaticListController.swift */,
			);
			path = must_have;
			sourceTree = "<group>";
		};
		3B202CECC81DA9681DD110C5 /* Pods */ = {
			isa = PBXGroup;
			children = (
				8B7C4660FBAE86BF87FBF9B1 /* Pods-GrabRewards.debug.xcconfig */,
				B7B869ED33AD6C013DA15CA2 /* Pods-GrabRewards.release.xcconfig */,
			);
			path = Pods;
			sourceTree = "<group>";
		};
/* End PBXGroup section */

/* Begin PBXNativeTarget section */
		269A1AA4222CC73500F22F2D /* GrabRewards */ = {
			isa = PBXNativeTarget;
			buildConfigurationList = 269A1AB7222CC73700F22F2D /* Build configuration list for PBXNativeTarget "GrabRewards" */;
			buildPhases = (
				BBAD611789D795995BEBA9D1 /* [CP] Check Pods Manifest.lock */,
				269A1AA1222CC73500F22F2D /* Sources */,
				269A1AA2222CC73500F22F2D /* Frameworks */,
				269A1AA3222CC73500F22F2D /* Resources */,
				A97C422B0DE02102B9A1AB38 /* [CP] Embed Pods Frameworks */,
			);
			buildRules = (
			);
			dependencies = (
			);
			name = GrabRewards;
			productName = GrabRewards;
			productReference = 269A1AA5222CC73500F22F2D /* GrabRewards.app */;
			productType = "com.apple.product-type.application";
		};
/* End PBXNativeTarget section */

/* Begin PBXProject section */
		269A1A9D222CC73500F22F2D /* Project object */ = {
			isa = PBXProject;
			attributes = {
				LastSwiftUpdateCheck = 1010;
				LastUpgradeCheck = 1010;
				ORGANIZATIONNAME = "Ky Nguyen";
				TargetAttributes = {
					269A1AA4222CC73500F22F2D = {
						CreatedOnToolsVersion = 10.1;
					};
				};
			};
			buildConfigurationList = 269A1AA0222CC73500F22F2D /* Build configuration list for PBXProject "GrabRewards" */;
			compatibilityVersion = "Xcode 9.3";
			developmentRegion = en;
			hasScannedForEncodings = 0;
			knownRegions = (
				en,
				Base,
			);
			mainGroup = 269A1A9C222CC73500F22F2D;
			productRefGroup = 269A1AA6222CC73500F22F2D /* Products */;
			projectDirPath = "";
			projectRoot = "";
			targets = (
				269A1AA4222CC73500F22F2D /* GrabRewards */,
			);
		};
/* End PBXProject section */

/* Begin PBXResourcesBuildPhase section */
		269A1AA3222CC73500F22F2D /* Resources */ = {
			isa = PBXResourcesBuildPhase;
			buildActionMask = 2147483647;
			files = (
				269A1AB3222CC73700F22F2D /* LaunchScreen.storyboard in Resources */,
				269A1B2E222D070200F22F2D /* Assets.xcassets in Resources */,
				269A1AAE222CC73500F22F2D /* Main.storyboard in Resources */,
			);
			runOnlyForDeploymentPostprocessing = 0;
		};
/* End PBXResourcesBuildPhase section */

/* Begin PBXShellScriptBuildPhase section */
		A97C422B0DE02102B9A1AB38 /* [CP] Embed Pods Frameworks */ = {
			isa = PBXShellScriptBuildPhase;
			buildActionMask = 2147483647;
			files = (
			);
			inputFileListPaths = (
			);
			inputPaths = (
				"${PODS_ROOT}/Target Support Files/Pods-GrabRewards/Pods-GrabRewards-frameworks.sh",
				"${BUILT_PRODUCTS_DIR}/Kingfisher/Kingfisher.framework",
			);
			name = "[CP] Embed Pods Frameworks";
			outputFileListPaths = (
			);
			outputPaths = (
				"${TARGET_BUILD_DIR}/${FRAMEWORKS_FOLDER_PATH}/Kingfisher.framework",
			);
			runOnlyForDeploymentPostprocessing = 0;
			shellPath = /bin/sh;
			shellScript = "\"${PODS_ROOT}/Target Support Files/Pods-GrabRewards/Pods-GrabRewards-frameworks.sh\"\n";
			showEnvVarsInLog = 0;
		};
		BBAD611789D795995BEBA9D1 /* [CP] Check Pods Manifest.lock */ = {
			isa = PBXShellScriptBuildPhase;
			buildActionMask = 2147483647;
			files = (
			);
			inputFileListPaths = (
			);
			inputPaths = (
				"${PODS_PODFILE_DIR_PATH}/Podfile.lock",
				"${PODS_ROOT}/Manifest.lock",
			);
			name = "[CP] Check Pods Manifest.lock";
			outputFileListPaths = (
			);
			outputPaths = (
				"$(DERIVED_FILE_DIR)/Pods-GrabRewards-checkManifestLockResult.txt",
			);
			runOnlyForDeploymentPostprocessing = 0;
			shellPath = /bin/sh;
			shellScript = "diff \"${PODS_PODFILE_DIR_PATH}/Podfile.lock\" \"${PODS_ROOT}/Manifest.lock\" > /dev/null\nif [ $? != 0 ] ; then\n    # print error to STDERR\n    echo \"error: The sandbox is not in sync with the Podfile.lock. Run 'pod install' or update your CocoaPods installation.\" >&2\n    exit 1\nfi\n# This output is used by Xcode 'outputs' to avoid re-running this script phase.\necho \"SUCCESS\" > \"${SCRIPT_OUTPUT_FILE_0}\"\n";
			showEnvVarsInLog = 0;
		};
/* End PBXShellScriptBuildPhase section */

/* Begin PBXSourcesBuildPhase section */
		269A1AA1222CC73500F22F2D /* Sources */ = {
			isa = PBXSourcesBuildPhase;
			buildActionMask = 2147483647;
			files = (
				269A1AEC222CC79900F22F2D /* knConstraints.swift in Sources */,
				269A1AAB222CC73500F22F2D /* ViewController.swift in Sources */,
				269A1AEA222CC79900F22F2D /* Extension.swift in Sources */,
				269A1ADB222CC79900F22F2D /* knStaticListController.swift in Sources */,
				269A1B2C222CFFCB00F22F2D /* RewardView.swift in Sources */,
				269A1B2A222CD0F200F22F2D /* CategoryView.swift in Sources */,
				269A1AA9222CC73500F22F2D /* AppDelegate.swift in Sources */,
			);
			runOnlyForDeploymentPostprocessing = 0;
		};
/* End PBXSourcesBuildPhase section */

/* Begin PBXVariantGroup section */
		269A1AAC222CC73500F22F2D /* Main.storyboard */ = {
			isa = PBXVariantGroup;
			children = (
				269A1AAD222CC73500F22F2D /* Base */,
			);
			name = Main.storyboard;
			sourceTree = "<group>";
		};
		269A1AB1222CC73700F22F2D /* LaunchScreen.storyboard */ = {
			isa = PBXVariantGroup;
			children = (
				269A1AB2222CC73700F22F2D /* Base */,
			);
			name = LaunchScreen.storyboard;
			sourceTree = "<group>";
		};
/* End PBXVariantGroup section */

/* Begin XCBuildConfiguration section */
		269A1AB5222CC73700F22F2D /* Debug */ = {
			isa = XCBuildConfiguration;
			buildSettings = {
				ALWAYS_SEARCH_USER_PATHS = NO;
				CLANG_ANALYZER_NONNULL = YES;
				CLANG_ANALYZER_NUMBER_OBJECT_CONVERSION = YES_AGGRESSIVE;
				CLANG_CXX_LANGUAGE_STANDARD = "gnu++14";
				CLANG_CXX_LIBRARY = "libc++";
				CLANG_ENABLE_MODULES = YES;
				CLANG_ENABLE_OBJC_ARC = YES;
				CLANG_ENABLE_OBJC_WEAK = YES;
				CLANG_WARN_BLOCK_CAPTURE_AUTORELEASING = YES;
				CLANG_WARN_BOOL_CONVERSION = YES;
				CLANG_WARN_COMMA = YES;
				CLANG_WARN_CONSTANT_CONVERSION = YES;
				CLANG_WARN_DEPRECATED_OBJC_IMPLEMENTATIONS = YES;
				CLANG_WARN_DIRECT_OBJC_ISA_USAGE = YES_ERROR;
				CLANG_WARN_DOCUMENTATION_COMMENTS = YES;
				CLANG_WARN_EMPTY_BODY = YES;
				CLANG_WARN_ENUM_CONVERSION = YES;
				CLANG_WARN_INFINITE_RECURSION = YES;
				CLANG_WARN_INT_CONVERSION = YES;
				CLANG_WARN_NON_LITERAL_NULL_CONVERSION = YES;
				CLANG_WARN_OBJC_IMPLICIT_RETAIN_SELF = YES;
				CLANG_WARN_OBJC_LITERAL_CONVERSION = YES;
				CLANG_WARN_OBJC_ROOT_CLASS = YES_ERROR;
				CLANG_WARN_RANGE_LOOP_ANALYSIS = YES;
				CLANG_WARN_STRICT_PROTOTYPES = YES;
				CLANG_WARN_SUSPICIOUS_MOVE = YES;
				CLANG_WARN_UNGUARDED_AVAILABILITY = YES_AGGRESSIVE;
				CLANG_WARN_UNREACHABLE_CODE = YES;
				CLANG_WARN__DUPLICATE_METHOD_MATCH = YES;
				CODE_SIGN_IDENTITY = "iPhone Developer";
				COPY_PHASE_STRIP = NO;
				DEBUG_INFORMATION_FORMAT = dwarf;
				ENABLE_STRICT_OBJC_MSGSEND = YES;
				ENABLE_TESTABILITY = YES;
				GCC_C_LANGUAGE_STANDARD = gnu11;
				GCC_DYNAMIC_NO_PIC = NO;
				GCC_NO_COMMON_BLOCKS = YES;
				GCC_OPTIMIZATION_LEVEL = 0;
				GCC_PREPROCESSOR_DEFINITIONS = (
					"DEBUG=1",
					"$(inherited)",
				);
				GCC_WARN_64_TO_32_BIT_CONVERSION = YES;
				GCC_WARN_ABOUT_RETURN_TYPE = YES_ERROR;
				GCC_WARN_UNDECLARED_SELECTOR = YES;
				GCC_WARN_UNINITIALIZED_AUTOS = YES_AGGRESSIVE;
				GCC_WARN_UNUSED_FUNCTION = YES;
				GCC_WARN_UNUSED_VARIABLE = YES;
				IPHONEOS_DEPLOYMENT_TARGET = 12.1;
				MTL_ENABLE_DEBUG_INFO = INCLUDE_SOURCE;
				MTL_FAST_MATH = YES;
				ONLY_ACTIVE_ARCH = YES;
				SDKROOT = iphoneos;
				SWIFT_ACTIVE_COMPILATION_CONDITIONS = DEBUG;
				SWIFT_OPTIMIZATION_LEVEL = "-Onone";
			};
			name = Debug;
		};
		269A1AB6222CC73700F22F2D /* Release */ = {
			isa = XCBuildConfiguration;
			buildSettings = {
				ALWAYS_SEARCH_USER_PATHS = NO;
				CLANG_ANALYZER_NONNULL = YES;
				CLANG_ANALYZER_NUMBER_OBJECT_CONVERSION = YES_AGGRESSIVE;
				CLANG_CXX_LANGUAGE_STANDARD = "gnu++14";
				CLANG_CXX_LIBRARY = "libc++";
				CLANG_ENABLE_MODULES = YES;
				CLANG_ENABLE_OBJC_ARC = YES;
				CLANG_ENABLE_OBJC_WEAK = YES;
				CLANG_WARN_BLOCK_CAPTURE_AUTORELEASING = YES;
				CLANG_WARN_BOOL_CONVERSION = YES;
				CLANG_WARN_COMMA = YES;
				CLANG_WARN_CONSTANT_CONVERSION = YES;
				CLANG_WARN_DEPRECATED_OBJC_IMPLEMENTATIONS = YES;
				CLANG_WARN_DIRECT_OBJC_ISA_USAGE = YES_ERROR;
				CLANG_WARN_DOCUMENTATION_COMMENTS = YES;
				CLANG_WARN_EMPTY_BODY = YES;
				CLANG_WARN_ENUM_CONVERSION = YES;
				CLANG_WARN_INFINITE_RECURSION = YES;
				CLANG_WARN_INT_CONVERSION = YES;
				CLANG_WARN_NON_LITERAL_NULL_CONVERSION = YES;
				CLANG_WARN_OBJC_IMPLICIT_RETAIN_SELF = YES;
				CLANG_WARN_OBJC_LITERAL_CONVERSION = YES;
				CLANG_WARN_OBJC_ROOT_CLASS = YES_ERROR;
				CLANG_WARN_RANGE_LOOP_ANALYSIS = YES;
				CLANG_WARN_STRICT_PROTOTYPES = YES;
				CLANG_WARN_SUSPICIOUS_MOVE = YES;
				CLANG_WARN_UNGUARDED_AVAILABILITY = YES_AGGRESSIVE;
				CLANG_WARN_UNREACHABLE_CODE = YES;
				CLANG_WARN__DUPLICATE_METHOD_MATCH = YES;
				CODE_SIGN_IDENTITY = "iPhone Developer";
				COPY_PHASE_STRIP = NO;
				DEBUG_INFORMATION_FORMAT = "dwarf-with-dsym";
				ENABLE_NS_ASSERTIONS = NO;
				ENABLE_STRICT_OBJC_MSGSEND = YES;
				GCC_C_LANGUAGE_STANDARD = gnu11;
				GCC_NO_COMMON_BLOCKS = YES;
				GCC_WARN_64_TO_32_BIT_CONVERSION = YES;
				GCC_WARN_ABOUT_RETURN_TYPE = YES_ERROR;
				GCC_WARN_UNDECLARED_SELECTOR = YES;
				GCC_WARN_UNINITIALIZED_AUTOS = YES_AGGRESSIVE;
				GCC_WARN_UNUSED_FUNCTION = YES;
				GCC_WARN_UNUSED_VARIABLE = YES;
				IPHONEOS_DEPLOYMENT_TARGET = 12.1;
				MTL_ENABLE_DEBUG_INFO = NO;
				MTL_FAST_MATH = YES;
				SDKROOT = iphoneos;
				SWIFT_COMPILATION_MODE = wholemodule;
				SWIFT_OPTIMIZATION_LEVEL = "-O";
				VALIDATE_PRODUCT = YES;
			};
			name = Release;
		};
		269A1AB8222CC73700F22F2D /* Debug */ = {
			isa = XCBuildConfiguration;
			baseConfigurationReference = 8B7C4660FBAE86BF87FBF9B1 /* Pods-GrabRewards.debug.xcconfig */;
			buildSettings = {
				ASSETCATALOG_COMPILER_APPICON_NAME = AppIcon;
				CODE_SIGN_STYLE = Automatic;
				INFOPLIST_FILE = GrabRewards/Info.plist;
				LD_RUNPATH_SEARCH_PATHS = (
					"$(inherited)",
					"@executable_path/Frameworks",
				);
				PRODUCT_BUNDLE_IDENTIFIER = kynguyen.GrabRewards;
				PRODUCT_NAME = "$(TARGET_NAME)";
				SWIFT_VERSION = 4.2;
				TARGETED_DEVICE_FAMILY = "1,2";
			};
			name = Debug;
		};
		269A1AB9222CC73700F22F2D /* Release */ = {
			isa = XCBuildConfiguration;
			baseConfigurationReference = B7B869ED33AD6C013DA15CA2 /* Pods-GrabRewards.release.xcconfig */;
			buildSettings = {
				ASSETCATALOG_COMPILER_APPICON_NAME = AppIcon;
				CODE_SIGN_STYLE = Automatic;
				INFOPLIST_FILE = GrabRewards/Info.plist;
				LD_RUNPATH_SEARCH_PATHS = (
					"$(inherited)",
					"@executable_path/Frameworks",
				);
				PRODUCT_BUNDLE_IDENTIFIER = kynguyen.GrabRewards;
				PRODUCT_NAME = "$(TARGET_NAME)";
				SWIFT_VERSION = 4.2;
				TARGETED_DEVICE_FAMILY = "1,2";
			};
			name = Release;
		};
/* End XCBuildConfiguration section */

/* Begin XCConfigurationList section */
		269A1AA0222CC73500F22F2D /* Build configuration list for PBXProject "GrabRewards" */ = {
			isa = XCConfigurationList;
			buildConfigurations = (
				269A1AB5222CC73700F22F2D /* Debug */,
				269A1AB6222CC73700F22F2D /* Release */,
			);
			defaultConfigurationIsVisible = 0;
			defaultConfigurationName = Release;
		};
		269A1AB7222CC73700F22F2D /* Build configuration list for PBXNativeTarget "GrabRewards" */ = {
			isa = XCConfigurationList;
			buildConfigurations = (
				269A1AB8222CC73700F22F2D /* Debug */,
				269A1AB9222CC73700F22F2D /* Release */,
			);
			defaultConfigurationIsVisible = 0;
			defaultConfigurationName = Release;
		};
/* End XCConfigurationList section */
	};
	rootObject = 269A1A9D222CC73500F22F2D /* Project object */;
}
